
Microsoft Visual Studio Solution File, Format Version 12.00
# Visual Studio Version 17
VisualStudioVersion = 17.8.34525.116
MinimumVisualStudioVersion = 15.0.26124.0
Project("{9A19103F-16F7-4668-BE54-9A1E7A4F7556}") = "Greggs.Products.Api", "Greggs.Products.Api\Greggs.Products.Api.csproj", "{007260C8-D357-4E89-B176-9AB9A09B2FE1}"
EndProject
Project("{9A19103F-16F7-4668-BE54-9A1E7A4F7556}") = "Greggs.Products.UnitTests", "Greggs.Products.UnitTests\Greggs.Products.UnitTests.csproj", "{F5E1CF54-E437-4B89-9779-C77FF9A0644A}"
EndProject
Project("{FAE04EC0-301F-11D3-BF4B-00C04F79EFBC}") = "Greggs.Product.Domain", "Greggs.Product.Domain\Greggs.Product.Domain.csproj", "{FB32C814-47E3-4D0F-8AEF-368CF4C2398F}"
EndProject
Global
	GlobalSection(SolutionConfigurationPlatforms) = preSolution
		Debug|Any CPU = Debug|Any CPU
		Debug|x64 = Debug|x64
		Debug|x86 = Debug|x86
		Release|Any CPU = Release|Any CPU
		Release|x64 = Release|x64
		Release|x86 = Release|x86
	EndGlobalSection
	GlobalSection(ProjectConfigurationPlatforms) = postSolution
		{007260C8-D357-4E89-B176-9AB9A09B2FE1}.Debug|Any CPU.ActiveCfg = Debug|Any CPU
		{007260C8-D357-4E89-B176-9AB9A09B2FE1}.Debug|Any CPU.Build.0 = Debug|Any CPU
		{007260C8-D357-4E89-B176-9AB9A09B2FE1}.Debug|x64.ActiveCfg = Debug|Any CPU
		{007260C8-D357-4E89-B176-9AB9A09B2FE1}.Debug|x64.Build.0 = Debug|Any CPU
		{007260C8-D357-4E89-B176-9AB9A09B2FE1}.Debug|x86.ActiveCfg = Debug|Any CPU
		{007260C8-D357-4E89-B176-9AB9A09B2FE1}.Debug|x86.Build.0 = Debug|Any CPU
		{007260C8-D357-4E89-B176-9AB9A09B2FE1}.Release|Any CPU.ActiveCfg = Release|Any CPU
		{007260C8-D357-4E89-B176-9AB9A09B2FE1}.Release|Any CPU.Build.0 = Release|Any CPU
		{007260C8-D357-4E89-B176-9AB9A09B2FE1}.Release|x64.ActiveCfg = Release|Any CPU
		{007260C8-D357-4E89-B176-9AB9A09B2FE1}.Release|x64.Build.0 = Release|Any CPU
		{007260C8-D357-4E89-B176-9AB9A09B2FE1}.Release|x86.ActiveCfg = Release|Any CPU
		{007260C8-D357-4E89-B176-9AB9A09B2FE1}.Release|x86.Build.0 = Release|Any CPU
		{F5E1CF54-E437-4B89-9779-C77FF9A0644A}.Debug|Any CPU.ActiveCfg = Debug|Any CPU
		{F5E1CF54-E437-4B89-9779-C77FF9A0644A}.Debug|Any CPU.Build.0 = Debug|Any CPU
		{F5E1CF54-E437-4B89-9779-C77FF9A0644A}.Debug|x64.ActiveCfg = Debug|Any CPU
		{F5E1CF54-E437-4B89-9779-C77FF9A0644A}.Debug|x64.Build.0 = Debug|Any CPU
		{F5E1CF54-E437-4B89-9779-C77FF9A0644A}.Debug|x86.ActiveCfg = Debug|Any CPU
		{F5E1CF54-E437-4B89-9779-C77FF9A0644A}.Debug|x86.Build.0 = Debug|Any CPU
		{F5E1CF54-E437-4B89-9779-C77FF9A0644A}.Release|Any CPU.ActiveCfg = Release|Any CPU
		{F5E1CF54-E437-4B89-9779-C77FF9A0644A}.Release|Any CPU.Build.0 = Release|Any CPU
		{F5E1CF54-E437-4B89-9779-C77FF9A0644A}.Release|x64.ActiveCfg = Release|Any CPU
		{F5E1CF54-E437-4B89-9779-C77FF9A0644A}.Release|x64.Build.0 = Release|Any CPU
		{F5E1CF54-E437-4B89-9779-C77FF9A0644A}.Release|x86.ActiveCfg = Release|Any CPU
		{F5E1CF54-E437-4B89-9779-C77FF9A0644A}.Release|x86.Build.0 = Release|Any CPU
		{FB32C814-47E3-4D0F-8AEF-368CF4C2398F}.Debug|Any CPU.ActiveCfg = Debug|Any CPU
		{FB32C814-47E3-4D0F-8AEF-368CF4C2398F}.Debug|Any CPU.Build.0 = Debug|Any CPU
		{FB32C814-47E3-4D0F-8AEF-368CF4C2398F}.Debug|x64.ActiveCfg = Debug|Any CPU
		{FB32C814-47E3-4D0F-8AEF-368CF4C2398F}.Debug|x64.Build.0 = Debug|Any CPU
		{FB32C814-47E3-4D0F-8AEF-368CF4C2398F}.Debug|x86.ActiveCfg = Debug|Any CPU
		{FB32C814-47E3-4D0F-8AEF-368CF4C2398F}.Debug|x86.Build.0 = Debug|Any CPU
		{FB32C814-47E3-4D0F-8AEF-368CF4C2398F}.Release|Any CPU.ActiveCfg = Release|Any CPU
		{FB32C814-47E3-4D0F-8AEF-368CF4C2398F}.Release|Any CPU.Build.0 = Release|Any CPU
		{FB32C814-47E3-4D0F-8AEF-368CF4C2398F}.Release|x64.ActiveCfg = Release|Any CPU
		{FB32C814-47E3-4D0F-8AEF-368CF4C2398F}.Release|x64.Build.0 = Release|Any CPU
		{FB32C814-47E3-4D0F-8AEF-368CF4C2398F}.Release|x86.ActiveCfg = Release|Any CPU
		{FB32C814-47E3-4D0F-8AEF-368CF4C2398F}.Release|x86.Build.0 = Release|Any CPU
	EndGlobalSection
	GlobalSection(SolutionProperties) = preSolution
		HideSolutionNode = FALSE
	EndGlobalSection
	GlobalSection(ExtensibilityGlobals) = postSolution
		SolutionGuid = {C5B51D8D-5A5B-4510-BDDA-28B98CAD9F13}
	EndGlobalSection
EndGlobal
